
Microsoft Visual Studio Solution File, Format Version 12.00
# Visual Studio Version 16
VisualStudioVersion = 16.0.30804.86
MinimumVisualStudioVersion = 10.0.40219.1
Project("{9A19103F-16F7-4668-BE54-9A1E7A4F7556}") = "PaymentGateway.Domain", "PaymentGateway.Domain\PaymentGateway.Domain.csproj", "{2E5AB68E-3FEF-44FB-B4E9-72E17F405741}"
EndProject
Project("{2150E333-8FDC-42A3-9474-1A3956D46DE8}") = "Solution Items", "Solution Items", "{DA9F5B45-0DED-4F1A-AE13-3F2478D2BAB2}"
	ProjectSection(SolutionItems) = preProject
		.gitignore = .gitignore
	EndProjectSection
EndProject
Project("{FAE04EC0-301F-11D3-BF4B-00C04F79EFBC}") = "PaymentGateway.UnitTests", "PaymentGateway.UnitTests\PaymentGateway.UnitTests.csproj", "{2E8858D2-DA90-41C6-AD06-AA9F9C12B5E9}"
EndProject
Project("{FAE04EC0-301F-11D3-BF4B-00C04F79EFBC}") = "PaymentGateway.Application", "PaymentGateway.Application\PaymentGateway.Application.csproj", "{65866478-94A5-4F2B-A66A-52D2094135BD}"
EndProject
Global
	GlobalSection(SolutionConfigurationPlatforms) = preSolution
		Debug|Any CPU = Debug|Any CPU
		Release|Any CPU = Release|Any CPU
	EndGlobalSection
	GlobalSection(ProjectConfigurationPlatforms) = postSolution
		{2E5AB68E-3FEF-44FB-B4E9-72E17F405741}.Debug|Any CPU.ActiveCfg = Debug|Any CPU
		{2E5AB68E-3FEF-44FB-B4E9-72E17F405741}.Debug|Any CPU.Build.0 = Debug|Any CPU
		{2E5AB68E-3FEF-44FB-B4E9-72E17F405741}.Release|Any CPU.ActiveCfg = Release|Any CPU
		{2E5AB68E-3FEF-44FB-B4E9-72E17F405741}.Release|Any CPU.Build.0 = Release|Any CPU
		{2E8858D2-DA90-41C6-AD06-AA9F9C12B5E9}.Debug|Any CPU.ActiveCfg = Debug|Any CPU
		{2E8858D2-DA90-41C6-AD06-AA9F9C12B5E9}.Debug|Any CPU.Build.0 = Debug|Any CPU
		{2E8858D2-DA90-41C6-AD06-AA9F9C12B5E9}.Release|Any CPU.ActiveCfg = Release|Any CPU
		{2E8858D2-DA90-41C6-AD06-AA9F9C12B5E9}.Release|Any CPU.Build.0 = Release|Any CPU
		{65866478-94A5-4F2B-A66A-52D2094135BD}.Debug|Any CPU.ActiveCfg = Debug|Any CPU
		{65866478-94A5-4F2B-A66A-52D2094135BD}.Debug|Any CPU.Build.0 = Debug|Any CPU
		{65866478-94A5-4F2B-A66A-52D2094135BD}.Release|Any CPU.ActiveCfg = Release|Any CPU
		{65866478-94A5-4F2B-A66A-52D2094135BD}.Release|Any CPU.Build.0 = Release|Any CPU
	EndGlobalSection
	GlobalSection(SolutionProperties) = preSolution
		HideSolutionNode = FALSE
	EndGlobalSection
	GlobalSection(ExtensibilityGlobals) = postSolution
		SolutionGuid = {9AC889EF-CD99-4EA6-AEF6-E9455CC5C69E}
	EndGlobalSection
EndGlobal
